
Microsoft Visual Studio Solution File, Format Version 12.00
# Visual Studio Version 16
VisualStudioVersion = 16.0.33529.622
MinimumVisualStudioVersion = 10.0.40219.1
Project("{FAE04EC0-301F-11D3-BF4B-00C04F79EFBC}") = "ProjetoMosquito", "ProjetoMosquito\ProjetoMosquito.csproj", "{FAB0711A-581A-443B-8018-1EDB57653AE1}"
EndProject
Global
	GlobalSection(SolutionConfigurationPlatforms) = preSolution
		Debug|Any CPU = Debug|Any CPU
		Release|Any CPU = Release|Any CPU
	EndGlobalSection
	GlobalSection(ProjectConfigurationPlatforms) = postSolution
		{FAB0711A-581A-443B-8018-1EDB57653AE1}.Debug|Any CPU.ActiveCfg = Debug|Any CPU
		{FAB0711A-581A-443B-8018-1EDB57653AE1}.Debug|Any CPU.Build.0 = Debug|Any CPU
		{FAB0711A-581A-443B-8018-1EDB57653AE1}.Release|Any CPU.ActiveCfg = Release|Any CPU
		{FAB0711A-581A-443B-8018-1EDB57653AE1}.Release|Any CPU.Build.0 = Release|Any CPU
	EndGlobalSection
	GlobalSection(SolutionProperties) = preSolution
		HideSolutionNode = FALSE
	EndGlobalSection
	GlobalSection(ExtensibilityGlobals) = postSolution
		SolutionGuid = {84B19CFC-9602-4F5C-80F3-72BADEE542FD}
	EndGlobalSection
EndGlobal
